
Microsoft Visual Studio Solution File, Format Version 12.00
# Visual Studio Version 16
VisualStudioVersion = 16.0.808.4
MinimumVisualStudioVersion = 10.0.40219.1
Project("{FAE04EC0-301F-11D3-BF4B-00C04F79EFBC}") = "TestLevelTwo", "TestLevelTwo\TestLevelTwo.csproj", "{60979CA8-6C9D-40AA-AB33-0A3DE2F4B4AD}"
EndProject
Global
	GlobalSection(SolutionConfigurationPlatforms) = preSolution
		Debug|Any CPU = Debug|Any CPU
		Release|Any CPU = Release|Any CPU
	EndGlobalSection
	GlobalSection(ProjectConfigurationPlatforms) = postSolution
		{60979CA8-6C9D-40AA-AB33-0A3DE2F4B4AD}.Debug|Any CPU.ActiveCfg = Debug|Any CPU
		{60979CA8-6C9D-40AA-AB33-0A3DE2F4B4AD}.Debug|Any CPU.Build.0 = Debug|Any CPU
		{60979CA8-6C9D-40AA-AB33-0A3DE2F4B4AD}.Release|Any CPU.ActiveCfg = Release|Any CPU
		{60979CA8-6C9D-40AA-AB33-0A3DE2F4B4AD}.Release|Any CPU.Build.0 = Release|Any CPU
	EndGlobalSection
	GlobalSection(SolutionProperties) = preSolution
		HideSolutionNode = FALSE
	EndGlobalSection
	GlobalSection(ExtensibilityGlobals) = postSolution
		SolutionGuid = {83AF74D9-8830-48E5-A73B-FF9A890D8201}
	EndGlobalSection
EndGlobal
